
Microsoft Visual Studio Solution File, Format Version 12.00
# Visual Studio 15
VisualStudioVersion = 15.0.28307.421
MinimumVisualStudioVersion = 10.0.40219.1
Project("{FAE04EC0-301F-11D3-BF4B-00C04F79EFBC}") = "CopyApp", "CopyApp\CopyApp.csproj", "{E86394D2-48F7-4D5B-9972-05E145AB3CD7}"
EndProject
Project("{FAE04EC0-301F-11D3-BF4B-00C04F79EFBC}") = "PasteApp", "PasteApp\PasteApp.csproj", "{936D0D55-DD25-4300-B88E-A5AA393D3155}"
EndProject
Global
	GlobalSection(SolutionConfigurationPlatforms) = preSolution
		Debug|Any CPU = Debug|Any CPU
		Release|Any CPU = Release|Any CPU
	EndGlobalSection
	GlobalSection(ProjectConfigurationPlatforms) = postSolution
		{E86394D2-48F7-4D5B-9972-05E145AB3CD7}.Debug|Any CPU.ActiveCfg = Debug|Any CPU
		{E86394D2-48F7-4D5B-9972-05E145AB3CD7}.Debug|Any CPU.Build.0 = Debug|Any CPU
		{E86394D2-48F7-4D5B-9972-05E145AB3CD7}.Release|Any CPU.ActiveCfg = Release|Any CPU
		{E86394D2-48F7-4D5B-9972-05E145AB3CD7}.Release|Any CPU.Build.0 = Release|Any CPU
		{936D0D55-DD25-4300-B88E-A5AA393D3155}.Debug|Any CPU.ActiveCfg = Debug|Any CPU
		{936D0D55-DD25-4300-B88E-A5AA393D3155}.Debug|Any CPU.Build.0 = Debug|Any CPU
		{936D0D55-DD25-4300-B88E-A5AA393D3155}.Release|Any CPU.ActiveCfg = Release|Any CPU
		{936D0D55-DD25-4300-B88E-A5AA393D3155}.Release|Any CPU.Build.0 = Release|Any CPU
	EndGlobalSection
	GlobalSection(SolutionProperties) = preSolution
		HideSolutionNode = FALSE
	EndGlobalSection
	GlobalSection(ExtensibilityGlobals) = postSolution
		SolutionGuid = {90DB4794-888D-4916-AB75-AEA6866D7223}
	EndGlobalSection
EndGlobal
